// !$*UTF8*$!
{
	archiveVersion = 1;
	classes = {
	};
	objectVersion = 48;
	objects = {

/* Begin PBXBuildFile section */
		1340B1E41F718AF500D28D04 /* AppDelegate.swift in Sources */ = {isa = PBXBuildFile; fileRef = 1340B1E31F718AF500D28D04 /* AppDelegate.swift */; };
		1340B1E61F718AF500D28D04 /* ViewController.swift in Sources */ = {isa = PBXBuildFile; fileRef = 1340B1E51F718AF500D28D04 /* ViewController.swift */; };
		1340B1E91F718AF500D28D04 /* Main.storyboard in Resources */ = {isa = PBXBuildFile; fileRef = 1340B1E71F718AF500D28D04 /* Main.storyboard */; };
		1340B1EB1F718AF500D28D04 /* Assets.xcassets in Resources */ = {isa = PBXBuildFile; fileRef = 1340B1EA1F718AF500D28D04 /* Assets.xcassets */; };
		1340B1EE1F718AF500D28D04 /* LaunchScreen.storyboard in Resources */ = {isa = PBXBuildFile; fileRef = 1340B1EC1F718AF500D28D04 /* LaunchScreen.storyboard */; };
		1340B1F61F718B4600D28D04 /* CachingPageViewController.swift in Sources */ = {isa = PBXBuildFile; fileRef = 1340B1F51F718B4600D28D04 /* CachingPageViewController.swift */; };
/* End PBXBuildFile section */

/* Begin PBXFileReference section */
		1340B1E01F718AF500D28D04 /* CachingPageViewController.app */ = {isa = PBXFileReference; explicitFileType = wrapper.application; includeInIndex = 0; path = CachingPageViewController.app; sourceTree = BUILT_PRODUCTS_DIR; };
		1340B1E31F718AF500D28D04 /* AppDelegate.swift */ = {isa = PBXFileReference; lastKnownFileType = sourcecode.swift; path = AppDelegate.swift; sourceTree = "<group>"; };
		1340B1E51F718AF500D28D04 /* ViewController.swift */ = {isa = PBXFileReference; lastKnownFileType = sourcecode.swift; path = ViewController.swift; sourceTree = "<group>"; };
		1340B1E81F718AF500D28D04 /* Base */ = {isa = PBXFileReference; lastKnownFileType = file.storyboard; name = Base; path = Base.lproj/Main.storyboard; sourceTree = "<group>"; };
		1340B1EA1F718AF500D28D04 /* Assets.xcassets */ = {isa = PBXFileReference; lastKnownFileType = folder.assetcatalog; path = Assets.xcassets; sourceTree = "<group>"; };
		1340B1ED1F718AF500D28D04 /* Base */ = {isa = PBXFileReference; lastKnownFileType = file.storyboard; name = Base; path = Base.lproj/LaunchScreen.storyboard; sourceTree = "<group>"; };
		1340B1EF1F718AF500D28D04 /* Info.plist */ = {isa = PBXFileReference; lastKnownFileType = text.plist.xml; path = Info.plist; sourceTree = "<group>"; };
		1340B1F51F718B4600D28D04 /* CachingPageViewController.swift */ = {isa = PBXFileReference; lastKnownFileType = sourcecode.swift; path = CachingPageViewController.swift; sourceTree = "<group>"; };
/* End PBXFileReference section */

/* Begin PBXFrameworksBuildPhase section */
		1340B1DD1F718AF500D28D04 /* Frameworks */ = {
			isa = PBXFrameworksBuildPhase;
			buildActionMask = 2147483647;
			files = (
			);
			runOnlyForDeploymentPostprocessing = 0;
		};
/* End PBXFrameworksBuildPhase section */

/* Begin PBXGroup section */
		1340B1D71F718AF500D28D04 = {
			isa = PBXGroup;
			children = (
				1340B1E21F718AF500D28D04 /* CachingPageViewController */,
				1340B1E11F718AF500D28D04 /* Products */,
			);
			sourceTree = "<group>";
		};
		1340B1E11F718AF500D28D04 /* Products */ = {
			isa = PBXGroup;
			children = (
				1340B1E01F718AF500D28D04 /* CachingPageViewController.app */,
			);
			name = Products;
			sourceTree = "<group>";
		};
		1340B1E21F718AF500D28D04 /* CachingPageViewController */ = {
			isa = PBXGroup;
			children = (
				1340B1E31F718AF500D28D04 /* AppDelegate.swift */,
				1340B1E51F718AF500D28D04 /* ViewController.swift */,
				1340B1F51F718B4600D28D04 /* CachingPageViewController.swift */,
				1340B1E71F718AF500D28D04 /* Main.storyboard */,
				1340B1EA1F718AF500D28D04 /* Assets.xcassets */,
				1340B1EC1F718AF500D28D04 /* LaunchScreen.storyboard */,
				1340B1EF1F718AF500D28D04 /* Info.plist */,
			);
			path = CachingPageViewController;
			sourceTree = "<group>";
		};
/* End PBXGroup section */

/* Begin PBXNativeTarget section */
		1340B1DF1F718AF500D28D04 /* CachingPageViewController */ = {
			isa = PBXNativeTarget;
			buildConfigurationList = 1340B1F21F718AF500D28D04 /* Build configuration list for PBXNativeTarget "CachingPageViewController" */;
			buildPhases = (
				1340B1DC1F718AF500D28D04 /* Sources */,
				1340B1DD1F718AF500D28D04 /* Frameworks */,
				1340B1DE1F718AF500D28D04 /* Resources */,
			);
			buildRules = (
			);
			dependencies = (
			);
			name = CachingPageViewController;
			productName = CachingPageViewController;
			productReference = 1340B1E01F718AF500D28D04 /* CachingPageViewController.app */;
			productType = "com.apple.product-type.application";
		};
/* End PBXNativeTarget section */

/* Begin PBXProject section */
		1340B1D81F718AF500D28D04 /* Project object */ = {
			isa = PBXProject;
			attributes = {
				LastSwiftUpdateCheck = 0900;
				LastUpgradeCheck = 0900;
				ORGANIZATIONNAME = "Antonis papantoniou";
				TargetAttributes = {
					1340B1DF1F718AF500D28D04 = {
						CreatedOnToolsVersion = 9.0;
						ProvisioningStyle = Automatic;
					};
				};
			};
			buildConfigurationList = 1340B1DB1F718AF500D28D04 /* Build configuration list for PBXProject "CachingPageViewController" */;
			compatibilityVersion = "Xcode 8.0";
			developmentRegion = en;
			hasScannedForEncodings = 0;
			knownRegions = (
				en,
				Base,
			);
			mainGroup = 1340B1D71F718AF500D28D04;
			productRefGroup = 1340B1E11F718AF500D28D04 /* Products */;
			projectDirPath = "";
			projectRoot = "";
			targets = (
				1340B1DF1F718AF500D28D04 /* CachingPageViewController */,
			);
		};
/* End PBXProject section */

/* Begin PBXResourcesBuildPhase section */
		1340B1DE1F718AF500D28D04 /* Resources */ = {
			isa = PBXResourcesBuildPhase;
			buildActionMask = 2147483647;
			files = (
				1340B1EE1F718AF500D28D04 /* LaunchScreen.storyboard in Resources */,
				1340B1EB1F718AF500D28D04 /* Assets.xcassets in Resources */,
				1340B1E91F718AF500D28D04 /* Main.storyboard in Resources */,
			);
			runOnlyForDeploymentPostprocessing = 0;
		};
/* End PBXResourcesBuildPhase section */

/* Begin PBXSourcesBuildPhase section */
		1340B1DC1F718AF500D28D04 /* Sources */ = {
			isa = PBXSourcesBuildPhase;
			buildActionMask = 2147483647;
			files = (
				1340B1E61F718AF500D28D04 /* ViewController.swift in Sources */,
				1340B1E41F718AF500D28D04 /* AppDelegate.swift in Sources */,
				1340B1F61F718B4600D28D04 /* CachingPageViewController.swift in Sources */,
			);
			runOnlyForDeploymentPostprocessing = 0;
		};
/* End PBXSourcesBuildPhase section */

/* Begin PBXVariantGroup section */
		1340B1E71F718AF500D28D04 /* Main.storyboard */ = {
			isa = PBXVariantGroup;
			children = (
				1340B1E81F718AF500D28D04 /* Base */,
			);
			name = Main.storyboard;
			sourceTree = "<group>";
		};
		1340B1EC1F718AF500D28D04 /* LaunchScreen.storyboard */ = {
			isa = PBXVariantGroup;
			children = (
				1340B1ED1F718AF500D28D04 /* Base */,
			);
			name = LaunchScreen.storyboard;
			sourceTree = "<group>";
		};
/* End PBXVariantGroup section */

/* Begin XCBuildConfiguration section */
		1340B1F01F718AF500D28D04 /* Debug */ = {
			isa = XCBuildConfiguration;
			buildSettings = {
				ALWAYS_SEARCH_USER_PATHS = NO;
				CLANG_ANALYZER_NONNULL = YES;
				CLANG_ANALYZER_NUMBER_OBJECT_CONVERSION = YES_AGGRESSIVE;
				CLANG_CXX_LANGUAGE_STANDARD = "gnu++14";
				CLANG_CXX_LIBRARY = "libc++";
				CLANG_ENABLE_MODULES = YES;
				CLANG_ENABLE_OBJC_ARC = YES;
				CLANG_WARN_BLOCK_CAPTURE_AUTORELEASING = YES;
				CLANG_WARN_BOOL_CONVERSION = YES;
				CLANG_WARN_COMMA = YES;
				CLANG_WARN_CONSTANT_CONVERSION = YES;
				CLANG_WARN_DIRECT_OBJC_ISA_USAGE = YES_ERROR;
				CLANG_WARN_DOCUMENTATION_COMMENTS = YES;
				CLANG_WARN_EMPTY_BODY = YES;
				CLANG_WARN_ENUM_CONVERSION = YES;
				CLANG_WARN_INFINITE_RECURSION = YES;
				CLANG_WARN_INT_CONVERSION = YES;
				CLANG_WARN_NON_LITERAL_NULL_CONVERSION = YES;
				CLANG_WARN_OBJC_LITERAL_CONVERSION = YES;
				CLANG_WARN_OBJC_ROOT_CLASS = YES_ERROR;
				CLANG_WARN_RANGE_LOOP_ANALYSIS = YES;
				CLANG_WARN_STRICT_PROTOTYPES = YES;
				CLANG_WARN_SUSPICIOUS_MOVE = YES;
				CLANG_WARN_UNGUARDED_AVAILABILITY = YES_AGGRESSIVE;
				CLANG_WARN_UNREACHABLE_CODE = YES;
				CLANG_WARN__DUPLICATE_METHOD_MATCH = YES;
				CODE_SIGN_IDENTITY = "iPhone Developer";
				COPY_PHASE_STRIP = NO;
				DEBUG_INFORMATION_FORMAT = dwarf;
				ENABLE_STRICT_OBJC_MSGSEND = YES;
				ENABLE_TESTABILITY = YES;
				GCC_C_LANGUAGE_STANDARD = gnu11;
				GCC_DYNAMIC_NO_PIC = NO;
				GCC_NO_COMMON_BLOCKS = YES;
				GCC_OPTIMIZATION_LEVEL = 0;
				GCC_PREPROCESSOR_DEFINITIONS = (
					"DEBUG=1",
					"$(inherited)",
				);
				GCC_WARN_64_TO_32_BIT_CONVERSION = YES;
				GCC_WARN_ABOUT_RETURN_TYPE = YES_ERROR;
				GCC_WARN_UNDECLARED_SELECTOR = YES;
				GCC_WARN_UNINITIALIZED_AUTOS = YES_AGGRESSIVE;
				GCC_WARN_UNUSED_FUNCTION = YES;
				GCC_WARN_UNUSED_VARIABLE = YES;
				IPHONEOS_DEPLOYMENT_TARGET = 11.0;
				MTL_ENABLE_DEBUG_INFO = YES;
				ONLY_ACTIVE_ARCH = YES;
				SDKROOT = iphoneos;
				SWIFT_ACTIVE_COMPILATION_CONDITIONS = DEBUG;
				SWIFT_OPTIMIZATION_LEVEL = "-Onone";
			};
			name = Debug;
		};
		1340B1F11F718AF500D28D04 /* Release */ = {
			isa = XCBuildConfiguration;
			buildSettings = {
				ALWAYS_SEARCH_USER_PATHS = NO;
				CLANG_ANALYZER_NONNULL = YES;
				CLANG_ANALYZER_NUMBER_OBJECT_CONVERSION = YES_AGGRESSIVE;
				CLANG_CXX_LANGUAGE_STANDARD = "gnu++14";
				CLANG_CXX_LIBRARY = "libc++";
				CLANG_ENABLE_MODULES = YES;
				CLANG_ENABLE_OBJC_ARC = YES;
				CLANG_WARN_BLOCK_CAPTURE_AUTORELEASING = YES;
				CLANG_WARN_BOOL_CONVERSION = YES;
				CLANG_WARN_COMMA = YES;
				CLANG_WARN_CONSTANT_CONVERSION = YES;
				CLANG_WARN_DIRECT_OBJC_ISA_USAGE = YES_ERROR;
				CLANG_WARN_DOCUMENTATION_COMMENTS = YES;
				CLANG_WARN_EMPTY_BODY = YES;
				CLANG_WARN_ENUM_CONVERSION = YES;
				CLANG_WARN_INFINITE_RECURSION = YES;
				CLANG_WARN_INT_CONVERSION = YES;
				CLANG_WARN_NON_LITERAL_NULL_CONVERSION = YES;
				CLANG_WARN_OBJC_LITERAL_CONVERSION = YES;
				CLANG_WARN_OBJC_ROOT_CLASS = YES_ERROR;
				CLANG_WARN_RANGE_LOOP_ANALYSIS = YES;
				CLANG_WARN_STRICT_PROTOTYPES = YES;
				CLANG_WARN_SUSPICIOUS_MOVE = YES;
				CLANG_WARN_UNGUARDED_AVAILABILITY = YES_AGGRESSIVE;
				CLANG_WARN_UNREACHABLE_CODE = YES;
				CLANG_WARN__DUPLICATE_METHOD_MATCH = YES;
				CODE_SIGN_IDENTITY = "iPhone Developer";
				COPY_PHASE_STRIP = NO;
				DEBUG_INFORMATION_FORMAT = "dwarf-with-dsym";
				ENABLE_NS_ASSERTIONS = NO;
				ENABLE_STRICT_OBJC_MSGSEND = YES;
				GCC_C_LANGUAGE_STANDARD = gnu11;
				GCC_NO_COMMON_BLOCKS = YES;
				GCC_WARN_64_TO_32_BIT_CONVERSION = YES;
				GCC_WARN_ABOUT_RETURN_TYPE = YES_ERROR;
				GCC_WARN_UNDECLARED_SELECTOR = YES;
				GCC_WARN_UNINITIALIZED_AUTOS = YES_AGGRESSIVE;
				GCC_WARN_UNUSED_FUNCTION = YES;
				GCC_WARN_UNUSED_VARIABLE = YES;
				IPHONEOS_DEPLOYMENT_TARGET = 11.0;
				MTL_ENABLE_DEBUG_INFO = NO;
				SDKROOT = iphoneos;
				SWIFT_OPTIMIZATION_LEVEL = "-Owholemodule";
				VALIDATE_PRODUCT = YES;
			};
			name = Release;
		};
		1340B1F31F718AF500D28D04 /* Debug */ = {
			isa = XCBuildConfiguration;
			buildSettings = {
				ASSETCATALOG_COMPILER_APPICON_NAME = AppIcon;
				CODE_SIGN_STYLE = Automatic;
				INFOPLIST_FILE = CachingPageViewController/Info.plist;
				LD_RUNPATH_SEARCH_PATHS = "$(inherited) @executable_path/Frameworks";
				PRODUCT_BUNDLE_IDENTIFIER = m.CachingPageViewController;
				PRODUCT_NAME = "$(TARGET_NAME)";
				SWIFT_VERSION = 4.0;
				TARGETED_DEVICE_FAMILY = "1,2";
			};
			name = Debug;
		};
		1340B1F41F718AF500D28D04 /* Release */ = {
			isa = XCBuildConfiguration;
			buildSettings = {
				ASSETCATALOG_COMPILER_APPICON_NAME = AppIcon;
				CODE_SIGN_STYLE = Automatic;
				INFOPLIST_FILE = CachingPageViewController/Info.plist;
				LD_RUNPATH_SEARCH_PATHS = "$(inherited) @executable_path/Frameworks";
				PRODUCT_BUNDLE_IDENTIFIER = m.CachingPageViewController;
				PRODUCT_NAME = "$(TARGET_NAME)";
				SWIFT_VERSION = 4.0;
				TARGETED_DEVICE_FAMILY = "1,2";
			};
			name = Release;
		};
/* End XCBuildConfiguration section */

/* Begin XCConfigurationList section */
		1340B1DB1F718AF500D28D04 /* Build configuration list for PBXProject "CachingPageViewController" */ = {
			isa = XCConfigurationList;
			buildConfigurations = (
				1340B1F01F718AF500D28D04 /* Debug */,
				1340B1F11F718AF500D28D04 /* Release */,
			);
			defaultConfigurationIsVisible = 0;
			defaultConfigurationName = Release;
		};
		1340B1F21F718AF500D28D04 /* Build configuration list for PBXNativeTarget "CachingPageViewController" */ = {
			isa = XCConfigurationList;
			buildConfigurations = (
				1340B1F31F718AF500D28D04 /* Debug */,
				1340B1F41F718AF500D28D04 /* Release */,
			);
			defaultConfigurationIsVisible = 0;
			defaultConfigurationName = Release;
		};
/* End XCConfigurationList section */
	};
	rootObject = 1340B1D81F718AF500D28D04 /* Project object */;
}
